# @generated - this file is auto-generated by `mise lock` https://mise.jdx.dev/dev-tools/mise-lock.html

lockfile_version = 3

[[tools.cargo-deny]]
version = "0.20.2"
backend = "aqua:EmbarkStudios/cargo-deny"
specifiers = ["0.20.2"]

[tools.cargo-deny."platforms.linux-arm64"]
checksum = "sha256:995c82be0defc7a025cae49a2aa2644ce8245c9a3318fc4103907c6a285e8c7d"
url = "https://github.com/EmbarkStudios/cargo-deny/releases/download/0.20.2/cargo-deny-0.20.2-aarch64-unknown-linux-musl.tar.gz"
url_api = "https://api.github.com/repos/EmbarkStudios/cargo-deny/releases/assets/471598345"

[tools.cargo-deny."platforms.linux-x64"]
checksum = "sha256:9f12ed4c49936e09b48bf862b595cde2fe64fcbd9d74dfacac6131ca824c8d5f"
url = "https://github.com/EmbarkStudios/cargo-deny/releases/download/0.20.2/cargo-deny-0.20.2-x86_64-unknown-linux-musl.tar.gz"
url_api = "https://api.github.com/repos/EmbarkStudios/cargo-deny/releases/assets/471598214"

[tools.cargo-deny."platforms.macos-arm64"]
checksum = "sha256:fe67d82a10d8597a3549364cb733a3f9cc1bfff9031b7ae46384a9f2a72090c3"
url = "https://github.com/EmbarkStudios/cargo-deny/releases/download/0.20.2/cargo-deny-0.20.2-aarch64-apple-darwin.tar.gz"
url_api = "https://api.github.com/repos/EmbarkStudios/cargo-deny/releases/assets/471597689"

[tools.cargo-deny."platforms.windows-x64"]
checksum = "sha256:975a22143262fd27476d19ee00c7af67978426e40e1dee94eed6bbade1cf87dc"
url = "https://github.com/EmbarkStudios/cargo-deny/releases/download/0.20.2/cargo-deny-0.20.2-x86_64-pc-windows-msvc.tar.gz"
url_api = "https://api.github.com/repos/EmbarkStudios/cargo-deny/releases/assets/471599057"

[[tools.gh]]
version = "2.102.0"
backend = "aqua:cli/cli"
specifiers = ["2.102.0"]

[tools.gh."platforms.linux-arm64"]
checksum = "sha256:7862c86c72f43df3a2d93ddde6f473285b4e2af61b494849846827e513ef6484"
url = "https://github.com/cli/cli/releases/download/v2.102.0/gh_2.102.0_linux_arm64.tar.gz"
url_api = "https://api.github.com/repos/cli/cli/releases/assets/599854680"
provenance = "github-attestations"

[tools.gh."platforms.linux-x64"]
checksum = "sha256:bb766f710eef8ede859c18578c72c327597cd4c8a85b06001b1f3843c6019386"
url = "https://github.com/cli/cli/releases/download/v2.102.0/gh_2.102.0_linux_amd64.tar.gz"
url_api = "https://api.github.com/repos/cli/cli/releases/assets/599854672"
provenance = "github-attestations"

[tools.gh."platforms.macos-arm64"]
checksum = "sha256:da922c20d1792e5b2cbf375593d7a658acf034c12c84e007e71c76ef959c337e"
url = "https://github.com/cli/cli/releases/download/v2.102.0/gh_2.102.0_macOS_arm64.zip"
url_api = "https://api.github.com/repos/cli/cli/releases/assets/599854720"
provenance = "github-attestations"

[tools.gh."platforms.windows-x64"]
checksum = "sha256:ae64e556ecc240b200f7eba60d550e4bb60d78e860e69dd88c449405b86067f4"
url = "https://github.com/cli/cli/releases/download/v2.102.0/gh_2.102.0_windows_amd64.zip"
url_api = "https://api.github.com/repos/cli/cli/releases/assets/599854760"
provenance = "github-attestations"

[[tools.git-cliff]]
version = "2.14.1"
backend = "aqua:orhun/git-cliff"
specifiers = ["2.14.1"]

[tools.git-cliff."platforms.linux-arm64"]
checksum = "sha256:e99dc84135c6bc27aefc9d8226f7297119ed6750a32f45418f4587bc6cb260d8"
url = "https://github.com/orhun/git-cliff/releases/download/v2.14.1/git-cliff-2.14.1-aarch64-unknown-linux-gnu.tar.gz"
url_api = "https://api.github.com/repos/orhun/git-cliff/releases/assets/539696829"

[tools.git-cliff."platforms.linux-x64"]
checksum = "sha256:dfe9bef0c7a00d05fafe78e6e591a1a280d39dd495b8066764db0a559acde67f"
url = "https://github.com/orhun/git-cliff/releases/download/v2.14.1/git-cliff-2.14.1-x86_64-unknown-linux-gnu.tar.gz"
url_api = "https://api.github.com/repos/orhun/git-cliff/releases/assets/539696847"

[tools.git-cliff."platforms.macos-arm64"]
checksum = "sha256:2e2d1f60963aa6a201dbd21df14d7f44025328b8bb33437695f15a516598615a"
url = "https://github.com/orhun/git-cliff/releases/download/v2.14.1/git-cliff-2.14.1-aarch64-apple-darwin.tar.gz"
url_api = "https://api.github.com/repos/orhun/git-cliff/releases/assets/539696537"

[tools.git-cliff."platforms.windows-x64"]
checksum = "sha256:791aa263079aa7894e24d4e2f8e978aa6214e9dd9dbf04f79ae5f3565758f1a1"
url = "https://github.com/orhun/git-cliff/releases/download/v2.14.1/git-cliff-2.14.1-x86_64-pc-windows-msvc.zip"
url_api = "https://api.github.com/repos/orhun/git-cliff/releases/assets/539702434"

[[tools."github:convco/convco"]]
version = "0.6.3"
backend = "github:convco/convco"
specifiers = ["0.6.3"]

[tools."github:convco/convco"."platforms.linux-arm64"]
checksum = "sha256:9dacefc6b2fb005d6f3c806a0c7abe0f87e510d97af69f2e1835997bea54be2d"
url = "https://github.com/convco/convco/releases/download/v0.6.3/convco-ubuntu-aarch64.zip"
url_api = "https://api.github.com/repos/convco/convco/releases/assets/365579733"

[tools."github:convco/convco"."platforms.linux-x64"]
checksum = "sha256:9c9998df44cebdace0813d12297685261ff91497e742d7afbb57f147b4bd81ec"
url = "https://github.com/convco/convco/releases/download/v0.6.3/convco-ubuntu.zip"
url_api = "https://api.github.com/repos/convco/convco/releases/assets/365579742"

[tools."github:convco/convco"."platforms.macos-arm64"]
checksum = "sha256:6cbe5984ca5d0c0c7fdac9419d8e7f060fb81d33c798e6ee84c211dbbf247e24"
url = "https://github.com/convco/convco/releases/download/v0.6.3/convco-macos.zip"
url_api = "https://api.github.com/repos/convco/convco/releases/assets/365579749"

[tools."github:convco/convco"."platforms.windows-x64"]
checksum = "sha256:4cdd9fc2292bf8038462db2873d8f5a67135486c98cb975d8bf373eb29315f13"
url = "https://github.com/convco/convco/releases/download/v0.6.3/convco-windows.zip"
url_api = "https://api.github.com/repos/convco/convco/releases/assets/365579722"

[[tools."github:nextest-rs/nextest"]]
version = "0.9.146"
backend = "github:nextest-rs/nextest"
specifiers = ["0.9.146"]

[tools."github:nextest-rs/nextest".options]
version_prefix = "cargo-nextest-"

[tools."github:nextest-rs/nextest"."platforms.linux-arm64"]
checksum = "sha256:b2e33d7c72de7ade0ff7b3a948ac37516b24f8a836b7a8870c1f634a94be9de9"
url = "https://github.com/nextest-rs/nextest/releases/download/cargo-nextest-0.9.146/cargo-nextest-0.9.146-aarch64-unknown-linux-gnu.tar.gz"
url_api = "https://api.github.com/repos/nextest-rs/nextest/releases/assets/579608024"
provenance = "github-attestations"

[tools."github:nextest-rs/nextest"."platforms.linux-x64"]
checksum = "sha256:682c21b777c333e96fd532e114d3a5a894e0729ab88d94c0a9f20f8419695428"
url = "https://github.com/nextest-rs/nextest/releases/download/cargo-nextest-0.9.146/cargo-nextest-0.9.146-x86_64-unknown-linux-gnu.tar.gz"
url_api = "https://api.github.com/repos/nextest-rs/nextest/releases/assets/579609342"
provenance = "github-attestations"

[tools."github:nextest-rs/nextest"."platforms.macos-arm64"]
checksum = "sha256:39785160b3c2f6ed9a765049cf4fa79f3b39aa02eb7598a5a0e2a1a0b9ffb9a8"
url = "https://github.com/nextest-rs/nextest/releases/download/cargo-nextest-0.9.146/cargo-nextest-0.9.146-universal-apple-darwin.tar.gz"
url_api = "https://api.github.com/repos/nextest-rs/nextest/releases/assets/579630774"
provenance = "github-attestations"

[tools."github:nextest-rs/nextest"."platforms.windows-x64"]
checksum = "sha256:0fa689815c8157e4633225b6b173184b3d546eb6ffb754c3d0e6ea5973284a20"
url = "https://github.com/nextest-rs/nextest/releases/download/cargo-nextest-0.9.146/cargo-nextest-0.9.146-x86_64-pc-windows-msvc.zip"
url_api = "https://api.github.com/repos/nextest-rs/nextest/releases/assets/579617054"
provenance = "github-attestations"

[[tools."github:taiki-e/cargo-llvm-cov"]]
version = "0.9.0"
backend = "github:taiki-e/cargo-llvm-cov"
specifiers = ["0.9.0"]

[tools."github:taiki-e/cargo-llvm-cov"."platforms.linux-arm64"]
checksum = "sha256:9af53b273e50d01d8bde8785de8541f6738cc4375248cd7683aec8b5768b9d21"
url = "https://github.com/taiki-e/cargo-llvm-cov/releases/download/v0.9.0/cargo-llvm-cov-aarch64-unknown-linux-gnu.tar.gz"
url_api = "https://api.github.com/repos/taiki-e/cargo-llvm-cov/releases/assets/517185425"
provenance = "github-attestations"

[tools."github:taiki-e/cargo-llvm-cov"."platforms.linux-x64"]
checksum = "sha256:b068f7c98841aacb9c4f382b4a0c184ae82f49b56a32d442b429b2961c73be15"
url = "https://github.com/taiki-e/cargo-llvm-cov/releases/download/v0.9.0/cargo-llvm-cov-x86_64-unknown-linux-gnu.tar.gz"
url_api = "https://api.github.com/repos/taiki-e/cargo-llvm-cov/releases/assets/517184759"
provenance = "github-attestations"

[tools."github:taiki-e/cargo-llvm-cov"."platforms.macos-arm64"]
checksum = "sha256:1bbf5dc8ad82e0f6ff0eb923aa6a691c760adb60f797cdcb454e204b9399c4f0"
url = "https://github.com/taiki-e/cargo-llvm-cov/releases/download/v0.9.0/cargo-llvm-cov-aarch64-apple-darwin.tar.gz"
url_api = "https://api.github.com/repos/taiki-e/cargo-llvm-cov/releases/assets/517184633"
provenance = "github-attestations"

[tools."github:taiki-e/cargo-llvm-cov"."platforms.windows-x64"]
checksum = "sha256:5f2c1d805136aadd53483af6cdf3e123291e9a224c37dc5817aab9563b0eef64"
url = "https://github.com/taiki-e/cargo-llvm-cov/releases/download/v0.9.0/cargo-llvm-cov-x86_64-pc-windows-msvc.zip"
url_api = "https://api.github.com/repos/taiki-e/cargo-llvm-cov/releases/assets/517185669"
provenance = "github-attestations"

[[tools.jq]]
version = "1.8.2"
backend = "aqua:jqlang/jq"
specifiers = ["1.8.2"]

[tools.jq."platforms.linux-arm64"]
checksum = "sha256:8b85c817833814ddca00a144c33705546355afccf0cf39b188f3cdb48b852309"
url = "https://github.com/jqlang/jq/releases/download/jq-1.8.2/jq-linux-arm64"
url_api = "https://api.github.com/repos/jqlang/jq/releases/assets/453012756"
provenance = "github-attestations"

[tools.jq."platforms.linux-x64"]
checksum = "sha256:b1c22172dd303f3be49e935aa56aa48a8b7a46e0bc838b4997d3bb451495870f"
url = "https://github.com/jqlang/jq/releases/download/jq-1.8.2/jq-linux-amd64"
url_api = "https://api.github.com/repos/jqlang/jq/releases/assets/453012752"
provenance = "github-attestations"

[tools.jq."platforms.macos-arm64"]
checksum = "sha256:2d75340ba57a4b4b4c8708a21c2dc8e958a48aaa8bba13b27f77f6e4c0eca07e"
url = "https://github.com/jqlang/jq/releases/download/jq-1.8.2/jq-macos-arm64"
url_api = "https://api.github.com/repos/jqlang/jq/releases/assets/453012783"
provenance = "github-attestations"

[tools.jq."platforms.windows-x64"]
checksum = "sha256:a6fc67fedaf9128a3309a1e2ebb8b986aeccf70122ee46d2cb4849e423f0c627"
url = "https://github.com/jqlang/jq/releases/download/jq-1.8.2/jq-windows-amd64.exe"
url_api = "https://api.github.com/repos/jqlang/jq/releases/assets/453012788"
provenance = "github-attestations"

[[tools.prek]]
version = "0.5.4"
backend = "aqua:j178/prek"
specifiers = ["0.5.4"]

[tools.prek."platforms.linux-arm64"]
checksum = "sha256:5478e436210b5226b8db3dccdd1a2e9094b1c63d81155d96bfa8b83f0398885c"
url = "https://github.com/j178/prek/releases/download/v0.5.4/prek-aarch64-unknown-linux-gnu.tar.gz"
url_api = "https://api.github.com/repos/j178/prek/releases/assets/594534943"
provenance = "github-attestations"

[tools.prek."platforms.linux-x64"]
checksum = "sha256:6147dfe64051af590f4bfc2c073a0780fb5e2cc37d9eab8e47fe9fe26c7dfb80"
url = "https://github.com/j178/prek/releases/download/v0.5.4/prek-x86_64-unknown-linux-gnu.tar.gz"
url_api = "https://api.github.com/repos/j178/prek/releases/assets/594534988"
provenance = "github-attestations"

[tools.prek."platforms.macos-arm64"]
checksum = "sha256:88eec06dd10fd61a9b345223fafc9bedb6746ee4cc47377551239d89d752b365"
url = "https://github.com/j178/prek/releases/download/v0.5.4/prek-aarch64-apple-darwin.tar.gz"
url_api = "https://api.github.com/repos/j178/prek/releases/assets/594534934"
provenance = "github-attestations"

[tools.prek."platforms.windows-x64"]
checksum = "sha256:244bc3eeade60a0ee586dfe9f5c90bd1c1d790514009aad2c7055dcb731a3e50"
url = "https://github.com/j178/prek/releases/download/v0.5.4/prek-x86_64-pc-windows-msvc.zip"
url_api = "https://api.github.com/repos/j178/prek/releases/assets/594534981"
provenance = "github-attestations"

[[tools.python]]
version = "3.13.15"
backend = "core:python"
specifiers = ["3.13.15"]

[tools.python."platforms.linux-arm64"]
checksum = "sha256:3807936bef22d3e347454df4f8774c786f98c7caa5e7328425e7b40766a9cff8"
url = "https://github.com/astral-sh/python-build-standalone/releases/download/20260929/cpython-3.13.15+20260929-aarch64-unknown-linux-gnu-install_only_stripped.tar.gz"
provenance = "github-attestations"

[tools.python."platforms.linux-x64"]
checksum = "sha256:c552deaf9ed0e678dee4ccc760d6dcd7cab33f1bd43e8037123b4a4db8508e14"
url = "https://github.com/astral-sh/python-build-standalone/releases/download/20260929/cpython-3.13.15+20260929-x86_64-unknown-linux-gnu-install_only_stripped.tar.gz"
provenance = "github-attestations"

[tools.python."platforms.macos-arm64"]
checksum = "sha256:d66c67f16148c7454b1509c32747175f7669c8b8e105b97b92a0000d66af6e6e"
url = "https://github.com/astral-sh/python-build-standalone/releases/download/20260929/cpython-3.13.15+20260929-aarch64-apple-darwin-install_only_stripped.tar.gz"
provenance = "github-attestations"

[tools.python."platforms.windows-x64"]
checksum = "sha256:d11d0d4b4fefa5df09e925dbd37600457f5488a9712a82f3f0dd1ff9431c2ccf"
url = "https://github.com/astral-sh/python-build-standalone/releases/download/20260929/cpython-3.13.15+20260929-x86_64-pc-windows-msvc-install_only_stripped.tar.gz"
provenance = "github-attestations"

[[tools.ruff]]
version = "0.16.9"
backend = "aqua:astral-sh/ruff"
specifiers = ["0.16.9"]

[tools.ruff."platforms.linux-arm64"]
checksum = "sha256:a13061e8f471b49c9d2aa284c32dd54a0e5534d702d1a44e1d7f4c875569586d"
url = "https://github.com/astral-sh/ruff/releases/download/0.16.9/ruff-aarch64-unknown-linux-gnu.tar.gz"
url_api = "https://api.github.com/repos/astral-sh/ruff/releases/assets/586787931"
provenance = "github-attestations"

[tools.ruff."platforms.linux-x64"]
checksum = "sha256:1bfbb819b5d4f9af501748862276b60e412d336034d99387691a4d4bce7a6f13"
url = "https://github.com/astral-sh/ruff/releases/download/0.16.9/ruff-x86_64-unknown-linux-gnu.tar.gz"
url_api = "https://api.github.com/repos/astral-sh/ruff/releases/assets/586788051"
provenance = "github-attestations"

[tools.ruff."platforms.macos-arm64"]
checksum = "sha256:33d35394499094cf6eb90f730dc82f11c0fab05d176378ae4f67de985ecc4146"
url = "https://github.com/astral-sh/ruff/releases/download/0.16.9/ruff-aarch64-apple-darwin.tar.gz"
url_api = "https://api.github.com/repos/astral-sh/ruff/releases/assets/586787913"
provenance = "github-attestations"

[tools.ruff."platforms.windows-x64"]
checksum = "sha256:fe5eb06b2f185b0d8035e17df9df0c831e59b3c98f11170206500650218a0b76"
url = "https://github.com/astral-sh/ruff/releases/download/0.16.9/ruff-x86_64-pc-windows-msvc.zip"
url_api = "https://api.github.com/repos/astral-sh/ruff/releases/assets/586788044"
provenance = "github-attestations"

[[tools.rust]]
version = "nightly-2026-05-07"
backend = "core:rust"
specifiers = ["nightly-2026-05-07"]

[tools.rust.options]
components = "clippy,llvm-tools,rust-analyzer,rustfmt"
profile = "minimal"

[[tools.ty]]
version = "0.0.84"
backend = "aqua:astral-sh/ty"
specifiers = ["0.0.84"]

[tools.ty."platforms.linux-arm64"]
checksum = "sha256:d575243e0586742ae0e9186441358bd7e57e8160e319b3afb781430126762a39"
url = "https://github.com/astral-sh/ty/releases/download/0.0.84/ty-aarch64-unknown-linux-gnu.tar.gz"
url_api = "https://api.github.com/repos/astral-sh/ty/releases/assets/585999358"
provenance = "github-attestations"

[tools.ty."platforms.linux-x64"]
checksum = "sha256:336bb36b7e917d844b8b16925d373b4614b326e452c881ff4ed6bc5904b65185"
url = "https://github.com/astral-sh/ty/releases/download/0.0.84/ty-x86_64-unknown-linux-gnu.tar.gz"
url_api = "https://api.github.com/repos/astral-sh/ty/releases/assets/585999537"
provenance = "github-attestations"

[tools.ty."platforms.macos-arm64"]
checksum = "sha256:c65c09f27bcef726c0b043dcee8d0f1e578bd1936799e5bc447235cbc3e19d91"
url = "https://github.com/astral-sh/ty/releases/download/0.0.84/ty-aarch64-apple-darwin.tar.gz"
url_api = "https://api.github.com/repos/astral-sh/ty/releases/assets/585999334"
provenance = "github-attestations"

[tools.ty."platforms.windows-x64"]
checksum = "sha256:e4b3c7cd30ff8b4ee4c2a62621f293341ad3c89fb3e7c6e4d2686150a4dbcf08"
url = "https://github.com/astral-sh/ty/releases/download/0.0.84/ty-x86_64-pc-windows-msvc.zip"
url_api = "https://api.github.com/repos/astral-sh/ty/releases/assets/585999524"
provenance = "github-attestations"

[[tools.uv]]
version = "0.12.17"
backend = "aqua:astral-sh/uv"
specifiers = ["0.12.17"]

[tools.uv."platforms.linux-arm64"]
checksum = "sha256:d636d1b678e9e7f367ecb22b46bd1cabbed234d6bc3b4d96365d2b507f72f86c"
url = "https://github.com/astral-sh/uv/releases/download/0.12.17/uv-aarch64-unknown-linux-gnu.tar.gz"
url_api = "https://api.github.com/repos/astral-sh/uv/releases/assets/573252936"
provenance = "github-attestations"

[tools.uv."platforms.linux-x64"]
checksum = "sha256:fa82fd8dde8e8eefdecada6aa0889666556cfceb690d06e0c3bca49eb3070a63"
url = "https://github.com/astral-sh/uv/releases/download/0.12.17/uv-x86_64-unknown-linux-gnu.tar.gz"
url_api = "https://api.github.com/repos/astral-sh/uv/releases/assets/573253080"
provenance = "github-attestations"

[tools.uv."platforms.macos-arm64"]
checksum = "sha256:85f00cbdc6dd3e97eba4c31b4d014375a9fdfe8f570023b84e5102fc3456896b"
url = "https://github.com/astral-sh/uv/releases/download/0.12.17/uv-aarch64-apple-darwin.tar.gz"
url_api = "https://api.github.com/repos/astral-sh/uv/releases/assets/573252913"
provenance = "github-attestations"

[tools.uv."platforms.windows-x64"]
checksum = "sha256:a252121d5b59398fcb137c6ea448176459a44010f33f67e0072305a637119ca7"
url = "https://github.com/astral-sh/uv/releases/download/0.12.17/uv-x86_64-pc-windows-msvc.zip"
url_api = "https://api.github.com/repos/astral-sh/uv/releases/assets/573253071"
provenance = "github-attestations"
